
Microsoft Visual Studio Solution File, Format Version 12.00
# Visual Studio Version 17
VisualStudioVersion = 17.3.32825.248
MinimumVisualStudioVersion = 10.0.40219.1
Project("{FAE04EC0-301F-11D3-BF4B-00C04F79EFBC}") = "SeattleCarsInBikeLanes", "SeattleCarsInBikeLanes\SeattleCarsInBikeLanes.csproj", "{6CD23716-450E-4ABD-86F3-5EA19CA91F60}"
EndProject
Global
	GlobalSection(SolutionConfigurationPlatforms) = preSolution
		Debug|Any CPU = Debug|Any CPU
		Release|Any CPU = Release|Any CPU
	EndGlobalSection
	GlobalSection(ProjectConfigurationPlatforms) = postSolution
		{6CD23716-450E-4ABD-86F3-5EA19CA91F60}.Debug|Any CPU.ActiveCfg = Debug|Any CPU
		{6CD23716-450E-4ABD-86F3-5EA19CA91F60}.Debug|Any CPU.Build.0 = Debug|Any CPU
		{6CD23716-450E-4ABD-86F3-5EA19CA91F60}.Release|Any CPU.ActiveCfg = Release|Any CPU
		{6CD23716-450E-4ABD-86F3-5EA19CA91F60}.Release|Any CPU.Build.0 = Release|Any CPU
	EndGlobalSection
	GlobalSection(SolutionProperties) = preSolution
		HideSolutionNode = FALSE
	EndGlobalSection
	GlobalSection(ExtensibilityGlobals) = postSolution
		SolutionGuid = {FD766467-326B-4FF2-80FB-B0340ED0F698}
	EndGlobalSection
EndGlobal
